
Microsoft Visual Studio Solution File, Format Version 12.00
# Visual Studio Version 17
VisualStudioVersion = 17.8.34408.163
MinimumVisualStudioVersion = 10.0.40219.1
Project("{2150E333-8FDC-42A3-9474-1A3956D46DE8}") = "Common", "Common", "{DEB71E0F-F59E-4F8A-B245-DE3AFD63D9A0}"
EndProject
Project("{2150E333-8FDC-42A3-9474-1A3956D46DE8}") = "Microservicios", "Microservicios", "{26D80743-AB35-44E7-9E62-A9A82F67B59A}"
EndProject
Project("{FAE04EC0-301F-11D3-BF4B-00C04F79EFBC}") = "ApiExmane2", "ApiExmane2\ApiExmane2.csproj", "{EDE3F1F1-79DD-48B6-8B73-D102E511D47F}"
EndProject
Project("{FAE04EC0-301F-11D3-BF4B-00C04F79EFBC}") = "Examen.Shared", "Examen.Shared\Examen.Shared.csproj", "{82564541-2E4A-4B19-98DF-9A39AF55286D}"
EndProject
Global
	GlobalSection(SolutionConfigurationPlatforms) = preSolution
		Debug|Any CPU = Debug|Any CPU
		Release|Any CPU = Release|Any CPU
	EndGlobalSection
	GlobalSection(ProjectConfigurationPlatforms) = postSolution
		{EDE3F1F1-79DD-48B6-8B73-D102E511D47F}.Debug|Any CPU.ActiveCfg = Debug|Any CPU
		{EDE3F1F1-79DD-48B6-8B73-D102E511D47F}.Debug|Any CPU.Build.0 = Debug|Any CPU
		{EDE3F1F1-79DD-48B6-8B73-D102E511D47F}.Release|Any CPU.ActiveCfg = Release|Any CPU
		{EDE3F1F1-79DD-48B6-8B73-D102E511D47F}.Release|Any CPU.Build.0 = Release|Any CPU
		{82564541-2E4A-4B19-98DF-9A39AF55286D}.Debug|Any CPU.ActiveCfg = Debug|Any CPU
		{82564541-2E4A-4B19-98DF-9A39AF55286D}.Debug|Any CPU.Build.0 = Debug|Any CPU
		{82564541-2E4A-4B19-98DF-9A39AF55286D}.Release|Any CPU.ActiveCfg = Release|Any CPU
		{82564541-2E4A-4B19-98DF-9A39AF55286D}.Release|Any CPU.Build.0 = Release|Any CPU
	EndGlobalSection
	GlobalSection(SolutionProperties) = preSolution
		HideSolutionNode = FALSE
	EndGlobalSection
	GlobalSection(NestedProjects) = preSolution
		{EDE3F1F1-79DD-48B6-8B73-D102E511D47F} = {26D80743-AB35-44E7-9E62-A9A82F67B59A}
		{82564541-2E4A-4B19-98DF-9A39AF55286D} = {DEB71E0F-F59E-4F8A-B245-DE3AFD63D9A0}
	EndGlobalSection
	GlobalSection(ExtensibilityGlobals) = postSolution
		SolutionGuid = {55D8E476-DD7E-4BFE-B862-408F41DEC8FA}
	EndGlobalSection
EndGlobal
